
Microsoft Visual Studio Solution File, Format Version 12.00
# Visual Studio Version 17
VisualStudioVersion = 17.3.32811.315
MinimumVisualStudioVersion = 10.0.40219.1
Project("{9A19103F-16F7-4668-BE54-9A1E7A4F7556}") = "BlazorEcommerce.Server", "BlazorEcommerce\Server\BlazorEcommerce.Server.csproj", "{62615097-650F-4E34-B94B-0F8E6D508471}"
EndProject
Project("{9A19103F-16F7-4668-BE54-9A1E7A4F7556}") = "BlazorEcommerce.Client", "BlazorEcommerce\Client\BlazorEcommerce.Client.csproj", "{CC019ACA-DD72-4DE5-A593-DED785B31854}"
EndProject
Project("{9A19103F-16F7-4668-BE54-9A1E7A4F7556}") = "BlazorEcommerce.Shared", "BlazorEcommerce\Shared\BlazorEcommerce.Shared.csproj", "{CA181E31-0CF6-4285-81D8-D244EB62E406}"
EndProject
Global
	GlobalSection(SolutionConfigurationPlatforms) = preSolution
		Debug|Any CPU = Debug|Any CPU
		Release|Any CPU = Release|Any CPU
	EndGlobalSection
	GlobalSection(ProjectConfigurationPlatforms) = postSolution
		{62615097-650F-4E34-B94B-0F8E6D508471}.Debug|Any CPU.ActiveCfg = Debug|Any CPU
		{62615097-650F-4E34-B94B-0F8E6D508471}.Debug|Any CPU.Build.0 = Debug|Any CPU
		{62615097-650F-4E34-B94B-0F8E6D508471}.Release|Any CPU.ActiveCfg = Release|Any CPU
		{62615097-650F-4E34-B94B-0F8E6D508471}.Release|Any CPU.Build.0 = Release|Any CPU
		{CC019ACA-DD72-4DE5-A593-DED785B31854}.Debug|Any CPU.ActiveCfg = Debug|Any CPU
		{CC019ACA-DD72-4DE5-A593-DED785B31854}.Debug|Any CPU.Build.0 = Debug|Any CPU
		{CC019ACA-DD72-4DE5-A593-DED785B31854}.Release|Any CPU.ActiveCfg = Release|Any CPU
		{CC019ACA-DD72-4DE5-A593-DED785B31854}.Release|Any CPU.Build.0 = Release|Any CPU
		{CA181E31-0CF6-4285-81D8-D244EB62E406}.Debug|Any CPU.ActiveCfg = Debug|Any CPU
		{CA181E31-0CF6-4285-81D8-D244EB62E406}.Debug|Any CPU.Build.0 = Debug|Any CPU
		{CA181E31-0CF6-4285-81D8-D244EB62E406}.Release|Any CPU.ActiveCfg = Release|Any CPU
		{CA181E31-0CF6-4285-81D8-D244EB62E406}.Release|Any CPU.Build.0 = Release|Any CPU
	EndGlobalSection
	GlobalSection(SolutionProperties) = preSolution
		HideSolutionNode = FALSE
	EndGlobalSection
	GlobalSection(ExtensibilityGlobals) = postSolution
		SolutionGuid = {4F7BB811-DBB0-4DB7-8AC8-0A94C1001261}
	EndGlobalSection
EndGlobal
